
Microsoft Visual Studio Solution File, Format Version 12.00
# Visual Studio Version 17
VisualStudioVersion = 17.0.31903.59
MinimumVisualStudioVersion = 10.0.40219.1
Project("{FAE04EC0-301F-11D3-BF4B-00C04F79EFBC}") = "ConventionList.Api", "ConventionList.Api\ConventionList.Api.csproj", "{A78B36F5-18DF-4D53-9C3E-F27F417437F0}"
EndProject
Project("{FAE04EC0-301F-11D3-BF4B-00C04F79EFBC}") = "ConventionList.Tests", "ConventionList.Tests\ConventionList.Tests.csproj", "{A8C83008-2E0E-4DCE-90E0-F87C59E73E22}"
EndProject
Project("{FAE04EC0-301F-11D3-BF4B-00C04F79EFBC}") = "ConventionList.Domain", "ConventionList.Domain\ConventionList.Domain.csproj", "{9C30EA5A-3524-4B78-B52C-B0405F2353FD}"
EndProject
Project("{FAE04EC0-301F-11D3-BF4B-00C04F79EFBC}") = "ConventionList.Repository", "ConventionList.Repository\ConventionList.Repository.csproj", "{03F4D3E8-DFBD-4E23-B514-B62EF3F73AB8}"
EndProject
Project("{FAE04EC0-301F-11D3-BF4B-00C04F79EFBC}") = "ConventionList.Services", "ConventionList.Services\ConventionList.Services.csproj", "{E3799072-0854-4966-8265-E6B1B6FA8BBD}"
EndProject
Global
	GlobalSection(SolutionConfigurationPlatforms) = preSolution
		Debug|Any CPU = Debug|Any CPU
		Release|Any CPU = Release|Any CPU
	EndGlobalSection
	GlobalSection(ProjectConfigurationPlatforms) = postSolution
		{A78B36F5-18DF-4D53-9C3E-F27F417437F0}.Debug|Any CPU.ActiveCfg = Debug|Any CPU
		{A78B36F5-18DF-4D53-9C3E-F27F417437F0}.Debug|Any CPU.Build.0 = Debug|Any CPU
		{A78B36F5-18DF-4D53-9C3E-F27F417437F0}.Release|Any CPU.ActiveCfg = Release|Any CPU
		{A78B36F5-18DF-4D53-9C3E-F27F417437F0}.Release|Any CPU.Build.0 = Release|Any CPU
		{A8C83008-2E0E-4DCE-90E0-F87C59E73E22}.Debug|Any CPU.ActiveCfg = Debug|Any CPU
		{A8C83008-2E0E-4DCE-90E0-F87C59E73E22}.Debug|Any CPU.Build.0 = Debug|Any CPU
		{A8C83008-2E0E-4DCE-90E0-F87C59E73E22}.Release|Any CPU.ActiveCfg = Release|Any CPU
		{A8C83008-2E0E-4DCE-90E0-F87C59E73E22}.Release|Any CPU.Build.0 = Release|Any CPU
		{9C30EA5A-3524-4B78-B52C-B0405F2353FD}.Debug|Any CPU.ActiveCfg = Debug|Any CPU
		{9C30EA5A-3524-4B78-B52C-B0405F2353FD}.Debug|Any CPU.Build.0 = Debug|Any CPU
		{9C30EA5A-3524-4B78-B52C-B0405F2353FD}.Release|Any CPU.ActiveCfg = Release|Any CPU
		{9C30EA5A-3524-4B78-B52C-B0405F2353FD}.Release|Any CPU.Build.0 = Release|Any CPU
		{03F4D3E8-DFBD-4E23-B514-B62EF3F73AB8}.Debug|Any CPU.ActiveCfg = Debug|Any CPU
		{03F4D3E8-DFBD-4E23-B514-B62EF3F73AB8}.Debug|Any CPU.Build.0 = Debug|Any CPU
		{03F4D3E8-DFBD-4E23-B514-B62EF3F73AB8}.Release|Any CPU.ActiveCfg = Release|Any CPU
		{03F4D3E8-DFBD-4E23-B514-B62EF3F73AB8}.Release|Any CPU.Build.0 = Release|Any CPU
		{E3799072-0854-4966-8265-E6B1B6FA8BBD}.Debug|Any CPU.ActiveCfg = Debug|Any CPU
		{E3799072-0854-4966-8265-E6B1B6FA8BBD}.Debug|Any CPU.Build.0 = Debug|Any CPU
		{E3799072-0854-4966-8265-E6B1B6FA8BBD}.Release|Any CPU.ActiveCfg = Release|Any CPU
		{E3799072-0854-4966-8265-E6B1B6FA8BBD}.Release|Any CPU.Build.0 = Release|Any CPU
	EndGlobalSection
	GlobalSection(SolutionProperties) = preSolution
		HideSolutionNode = FALSE
	EndGlobalSection
EndGlobal
